// !$*UTF8*$!
{
	archiveVersion = 1;
	classes = {
	};
	objectVersion = 77;
	objects = {

/* Begin PBXContainerItemProxy section */
		015CFE082D7A0620008AFC4C /* PBXContainerItemProxy */ = {
			isa = PBXContainerItemProxy;
			containerPortal = 015CFDEF2D7A061F008AFC4C /* Project object */;
			proxyType = 1;
			remoteGlobalIDString = 015CFDF62D7A061F008AFC4C;
			remoteInfo = MileageTracker;
		};
		015CFE122D7A0621008AFC4C /* PBXContainerItemProxy */ = {
			isa = PBXContainerItemProxy;
			containerPortal = 015CFDEF2D7A061F008AFC4C /* Project object */;
			proxyType = 1;
			remoteGlobalIDString = 015CFDF62D7A061F008AFC4C;
			remoteInfo = MileageTracker;
		};
/* End PBXContainerItemProxy section */

/* Begin PBXFileReference section */
		015CFDF72D7A061F008AFC4C /* MileageTracker.app */ = {isa = PBXFileReference; explicitFileType = wrapper.application; includeInIndex = 0; path = MileageTracker.app; sourceTree = BUILT_PRODUCTS_DIR; };
		015CFE072D7A0620008AFC4C /* MileageTrackerTests.xctest */ = {isa = PBXFileReference; explicitFileType = wrapper.cfbundle; includeInIndex = 0; path = MileageTrackerTests.xctest; sourceTree = BUILT_PRODUCTS_DIR; };
		015CFE112D7A0621008AFC4C /* MileageTrackerUITests.xctest */ = {isa = PBXFileReference; explicitFileType = wrapper.cfbundle; includeInIndex = 0; path = MileageTrackerUITests.xctest; sourceTree = BUILT_PRODUCTS_DIR; };
/* End PBXFileReference section */

/* Begin PBXFileSystemSynchronizedRootGroup section */
		015CFDF92D7A061F008AFC4C /* MileageTracker */ = {
			isa = PBXFileSystemSynchronizedRootGroup;
			path = MileageTracker;
			sourceTree = "<group>";
		};
		015CFE0A2D7A0620008AFC4C /* MileageTrackerTests */ = {
			isa = PBXFileSystemSynchronizedRootGroup;
			path = MileageTrackerTests;
			sourceTree = "<group>";
		};
		015CFE142D7A0621008AFC4C /* MileageTrackerUITests */ = {
			isa = PBXFileSystemSynchronizedRootGroup;
			path = MileageTrackerUITests;
			sourceTree = "<group>";
		};
/* End PBXFileSystemSynchronizedRootGroup section */

/* Begin PBXFrameworksBuildPhase section */
		015CFDF42D7A061F008AFC4C /* Frameworks */ = {
			isa = PBXFrameworksBuildPhase;
			buildActionMask = 2147483647;
			files = (
			);
			runOnlyForDeploymentPostprocessing = 0;
		};
		015CFE042D7A0620008AFC4C /* Frameworks */ = {
			isa = PBXFrameworksBuildPhase;
			buildActionMask = 2147483647;
			files = (
			);
			runOnlyForDeploymentPostprocessing = 0;
		};
		015CFE0E2D7A0621008AFC4C /* Frameworks */ = {
			isa = PBXFrameworksBuildPhase;
			buildActionMask = 2147483647;
			files = (
			);
			runOnlyForDeploymentPostprocessing = 0;
		};
/* End PBXFrameworksBuildPhase section */

/* Begin PBXGroup section */
		015CFDEE2D7A061F008AFC4C = {
			isa = PBXGroup;
			children = (
				015CFDF92D7A061F008AFC4C /* MileageTracker */,
				015CFE0A2D7A0620008AFC4C /* MileageTrackerTests */,
				015CFE142D7A0621008AFC4C /* MileageTrackerUITests */,
				015CFDF82D7A061F008AFC4C /* Products */,
			);
			sourceTree = "<group>";
		};
		015CFDF82D7A061F008AFC4C /* Products */ = {
			isa = PBXGroup;
			children = (
				015CFDF72D7A061F008AFC4C /* MileageTracker.app */,
				015CFE072D7A0620008AFC4C /* MileageTrackerTests.xctest */,
				015CFE112D7A0621008AFC4C /* MileageTrackerUITests.xctest */,
			);
			name = Products;
			sourceTree = "<group>";
		};
/* End PBXGroup section */

/* Begin PBXNativeTarget section */
		015CFDF62D7A061F008AFC4C /* MileageTracker */ = {
			isa = PBXNativeTarget;
			buildConfigurationList = 015CFE1B2D7A0621008AFC4C /* Build configuration list for PBXNativeTarget "MileageTracker" */;
			buildPhases = (
				015CFDF32D7A061F008AFC4C /* Sources */,
				015CFDF42D7A061F008AFC4C /* Frameworks */,
				015CFDF52D7A061F008AFC4C /* Resources */,
			);
			buildRules = (
			);
			dependencies = (
			);
			fileSystemSynchronizedGroups = (
				015CFDF92D7A061F008AFC4C /* MileageTracker */,
			);
			name = MileageTracker;
			packageProductDependencies = (
			);
			productName = MileageTracker;
			productReference = 015CFDF72D7A061F008AFC4C /* MileageTracker.app */;
			productType = "com.apple.product-type.application";
		};
		015CFE062D7A0620008AFC4C /* MileageTrackerTests */ = {
			isa = PBXNativeTarget;
			buildConfigurationList = 015CFE1E2D7A0621008AFC4C /* Build configuration list for PBXNativeTarget "MileageTrackerTests" */;
			buildPhases = (
				015CFE032D7A0620008AFC4C /* Sources */,
				015CFE042D7A0620008AFC4C /* Frameworks */,
				015CFE052D7A0620008AFC4C /* Resources */,
			);
			buildRules = (
			);
			dependencies = (
				015CFE092D7A0620008AFC4C /* PBXTargetDependency */,
			);
			fileSystemSynchronizedGroups = (
				015CFE0A2D7A0620008AFC4C /* MileageTrackerTests */,
			);
			name = MileageTrackerTests;
			packageProductDependencies = (
			);
			productName = MileageTrackerTests;
			productReference = 015CFE072D7A0620008AFC4C /* MileageTrackerTests.xctest */;
			productType = "com.apple.product-type.bundle.unit-test";
		};
		015CFE102D7A0621008AFC4C /* MileageTrackerUITests */ = {
			isa = PBXNativeTarget;
			buildConfigurationList = 015CFE212D7A0621008AFC4C /* Build configuration list for PBXNativeTarget "MileageTrackerUITests" */;
			buildPhases = (
				015CFE0D2D7A0621008AFC4C /* Sources */,
				015CFE0E2D7A0621008AFC4C /* Frameworks */,
				015CFE0F2D7A0621008AFC4C /* Resources */,
			);
			buildRules = (
			);
			dependencies = (
				015CFE132D7A0621008AFC4C /* PBXTargetDependency */,
			);
			fileSystemSynchronizedGroups = (
				015CFE142D7A0621008AFC4C /* MileageTrackerUITests */,
			);
			name = MileageTrackerUITests;
			packageProductDependencies = (
			);
			productName = MileageTrackerUITests;
			productReference = 015CFE112D7A0621008AFC4C /* MileageTrackerUITests.xctest */;
			productType = "com.apple.product-type.bundle.ui-testing";
		};
/* End PBXNativeTarget section */

/* Begin PBXProject section */
		015CFDEF2D7A061F008AFC4C /* Project object */ = {
			isa = PBXProject;
			attributes = {
				BuildIndependentTargetsInParallel = 1;
				LastSwiftUpdateCheck = 1620;
				LastUpgradeCheck = 1620;
				TargetAttributes = {
					015CFDF62D7A061F008AFC4C = {
						CreatedOnToolsVersion = 16.2;
					};
					015CFE062D7A0620008AFC4C = {
						CreatedOnToolsVersion = 16.2;
						TestTargetID = 015CFDF62D7A061F008AFC4C;
					};
					015CFE102D7A0621008AFC4C = {
						CreatedOnToolsVersion = 16.2;
						TestTargetID = 015CFDF62D7A061F008AFC4C;
					};
				};
			};
			buildConfigurationList = 015CFDF22D7A061F008AFC4C /* Build configuration list for PBXProject "MileageTracker" */;
			developmentRegion = en;
			hasScannedForEncodings = 0;
			knownRegions = (
				en,
				Base,
			);
			mainGroup = 015CFDEE2D7A061F008AFC4C;
			minimizedProjectReferenceProxies = 1;
			preferredProjectObjectVersion = 77;
			productRefGroup = 015CFDF82D7A061F008AFC4C /* Products */;
			projectDirPath = "";
			projectRoot = "";
			targets = (
				015CFDF62D7A061F008AFC4C /* MileageTracker */,
				015CFE062D7A0620008AFC4C /* MileageTrackerTests */,
				015CFE102D7A0621008AFC4C /* MileageTrackerUITests */,
			);
		};
/* End PBXProject section */

/* Begin PBXResourcesBuildPhase section */
		015CFDF52D7A061F008AFC4C /* Resources */ = {
			isa = PBXResourcesBuildPhase;
			buildActionMask = 2147483647;
			files = (
			);
			runOnlyForDeploymentPostprocessing = 0;
		};
		015CFE052D7A0620008AFC4C /* Resources */ = {
			isa = PBXResourcesBuildPhase;
			buildActionMask = 2147483647;
			files = (
			);
			runOnlyForDeploymentPostprocessing = 0;
		};
		015CFE0F2D7A0621008AFC4C /* Resources */ = {
			isa = PBXResourcesBuildPhase;
			buildActionMask = 2147483647;
			files = (
			);
			runOnlyForDeploymentPostprocessing = 0;
		};
/* End PBXResourcesBuildPhase section */

/* Begin PBXSourcesBuildPhase section */
		015CFDF32D7A061F008AFC4C /* Sources */ = {
			isa = PBXSourcesBuildPhase;
			buildActionMask = 2147483647;
			files = (
			);
			runOnlyForDeploymentPostprocessing = 0;
		};
		015CFE032D7A0620008AFC4C /* Sources */ = {
			isa = PBXSourcesBuildPhase;
			buildActionMask = 2147483647;
			files = (
			);
			runOnlyForDeploymentPostprocessing = 0;
		};
		015CFE0D2D7A0621008AFC4C /* Sources */ = {
			isa = PBXSourcesBuildPhase;
			buildActionMask = 2147483647;
			files = (
			);
			runOnlyForDeploymentPostprocessing = 0;
		};
/* End PBXSourcesBuildPhase section */

/* Begin PBXTargetDependency section */
		015CFE092D7A0620008AFC4C /* PBXTargetDependency */ = {
			isa = PBXTargetDependency;
			target = 015CFDF62D7A061F008AFC4C /* MileageTracker */;
			targetProxy = 015CFE082D7A0620008AFC4C /* PBXContainerItemProxy */;
		};
		015CFE132D7A0621008AFC4C /* PBXTargetDependency */ = {
			isa = PBXTargetDependency;
			target = 015CFDF62D7A061F008AFC4C /* MileageTracker */;
			targetProxy = 015CFE122D7A0621008AFC4C /* PBXContainerItemProxy */;
		};
/* End PBXTargetDependency section */

/* Begin XCBuildConfiguration section */
		015CFE192D7A0621008AFC4C /* Debug */ = {
			isa = XCBuildConfiguration;
			buildSettings = {
				ALWAYS_SEARCH_USER_PATHS = NO;
				ASSETCATALOG_COMPILER_GENERATE_SWIFT_ASSET_SYMBOL_EXTENSIONS = YES;
				CLANG_ANALYZER_NONNULL = YES;
				CLANG_ANALYZER_NUMBER_OBJECT_CONVERSION = YES_AGGRESSIVE;
				CLANG_CXX_LANGUAGE_STANDARD = "gnu++20";
				CLANG_ENABLE_MODULES = YES;
				CLANG_ENABLE_OBJC_ARC = YES;
				CLANG_ENABLE_OBJC_WEAK = YES;
				CLANG_WARN_BLOCK_CAPTURE_AUTORELEASING = YES;
				CLANG_WARN_BOOL_CONVERSION = YES;
				CLANG_WARN_COMMA = YES;
				CLANG_WARN_CONSTANT_CONVERSION = YES;
				CLANG_WARN_DEPRECATED_OBJC_IMPLEMENTATIONS = YES;
				CLANG_WARN_DIRECT_OBJC_ISA_USAGE = YES_ERROR;
				CLANG_WARN_DOCUMENTATION_COMMENTS = YES;
				CLANG_WARN_EMPTY_BODY = YES;
				CLANG_WARN_ENUM_CONVERSION = YES;
				CLANG_WARN_INFINITE_RECURSION = YES;
				CLANG_WARN_INT_CONVERSION = YES;
				CLANG_WARN_NON_LITERAL_NULL_CONVERSION = YES;
				CLANG_WARN_OBJC_IMPLICIT_RETAIN_SELF = YES;
				CLANG_WARN_OBJC_LITERAL_CONVERSION = YES;
				CLANG_WARN_OBJC_ROOT_CLASS = YES_ERROR;
				CLANG_WARN_QUOTED_INCLUDE_IN_FRAMEWORK_HEADER = YES;
				CLANG_WARN_RANGE_LOOP_ANALYSIS = YES;
				CLANG_WARN_STRICT_PROTOTYPES = YES;
				CLANG_WARN_SUSPICIOUS_MOVE = YES;
				CLANG_WARN_UNGUARDED_AVAILABILITY = YES_AGGRESSIVE;
				CLANG_WARN_UNREACHABLE_CODE = YES;
				CLANG_WARN__DUPLICATE_METHOD_MATCH = YES;
				COPY_PHASE_STRIP = NO;
				DEBUG_INFORMATION_FORMAT = dwarf;
				ENABLE_STRICT_OBJC_MSGSEND = YES;
				ENABLE_TESTABILITY = YES;
				ENABLE_USER_SCRIPT_SANDBOXING = YES;
				GCC_C_LANGUAGE_STANDARD = gnu17;
				GCC_DYNAMIC_NO_PIC = NO;
				GCC_NO_COMMON_BLOCKS = YES;
				GCC_OPTIMIZATION_LEVEL = 0;
				GCC_PREPROCESSOR_DEFINITIONS = (
					"DEBUG=1",
					"$(inherited)",
				);
				GCC_WARN_64_TO_32_BIT_CONVERSION = YES;
				GCC_WARN_ABOUT_RETURN_TYPE = YES_ERROR;
				GCC_WARN_UNDECLARED_SELECTOR = YES;
				GCC_WARN_UNINITIALIZED_AUTOS = YES_AGGRESSIVE;
				GCC_WARN_UNUSED_FUNCTION = YES;
				GCC_WARN_UNUSED_VARIABLE = YES;
				IPHONEOS_DEPLOYMENT_TARGET = 18.2;
				LOCALIZATION_PREFERS_STRING_CATALOGS = YES;
				MTL_ENABLE_DEBUG_INFO = INCLUDE_SOURCE;
				MTL_FAST_MATH = YES;
				ONLY_ACTIVE_ARCH = YES;
				SDKROOT = iphoneos;
				SWIFT_ACTIVE_COMPILATION_CONDITIONS = "DEBUG $(inherited)";
				SWIFT_OPTIMIZATION_LEVEL = "-Onone";
			};
			name = Debug;
		};
		015CFE1A2D7A0621008AFC4C /* Release */ = {
			isa = XCBuildConfiguration;
			buildSettings = {
				ALWAYS_SEARCH_USER_PATHS = NO;
				ASSETCATALOG_COMPILER_GENERATE_SWIFT_ASSET_SYMBOL_EXTENSIONS = YES;
				CLANG_ANALYZER_NONNULL = YES;
				CLANG_ANALYZER_NUMBER_OBJECT_CONVERSION = YES_AGGRESSIVE;
				CLANG_CXX_LANGUAGE_STANDARD = "gnu++20";
				CLANG_ENABLE_MODULES = YES;
				CLANG_ENABLE_OBJC_ARC = YES;
				CLANG_ENABLE_OBJC_WEAK = YES;
				CLANG_WARN_BLOCK_CAPTURE_AUTORELEASING = YES;
				CLANG_WARN_BOOL_CONVERSION = YES;
				CLANG_WARN_COMMA = YES;
				CLANG_WARN_CONSTANT_CONVERSION = YES;
				CLANG_WARN_DEPRECATED_OBJC_IMPLEMENTATIONS = YES;
				CLANG_WARN_DIRECT_OBJC_ISA_USAGE = YES_ERROR;
				CLANG_WARN_DOCUMENTATION_COMMENTS = YES;
				CLANG_WARN_EMPTY_BODY = YES;
				CLANG_WARN_ENUM_CONVERSION = YES;
				CLANG_WARN_INFINITE_RECURSION = YES;
				CLANG_WARN_INT_CONVERSION = YES;
				CLANG_WARN_NON_LITERAL_NULL_CONVERSION = YES;
				CLANG_WARN_OBJC_IMPLICIT_RETAIN_SELF = YES;
				CLANG_WARN_OBJC_LITERAL_CONVERSION = YES;
				CLANG_WARN_OBJC_ROOT_CLASS = YES_ERROR;
				CLANG_WARN_QUOTED_INCLUDE_IN_FRAMEWORK_HEADER = YES;
				CLANG_WARN_RANGE_LOOP_ANALYSIS = YES;
				CLANG_WARN_STRICT_PROTOTYPES = YES;
				CLANG_WARN_SUSPICIOUS_MOVE = YES;
				CLANG_WARN_UNGUARDED_AVAILABILITY = YES_AGGRESSIVE;
				CLANG_WARN_UNREACHABLE_CODE = YES;
				CLANG_WARN__DUPLICATE_METHOD_MATCH = YES;
				COPY_PHASE_STRIP = NO;
				DEBUG_INFORMATION_FORMAT = "dwarf-with-dsym";
				ENABLE_NS_ASSERTIONS = NO;
				ENABLE_STRICT_OBJC_MSGSEND = YES;
				ENABLE_USER_SCRIPT_SANDBOXING = YES;
				GCC_C_LANGUAGE_STANDARD = gnu17;
				GCC_NO_COMMON_BLOCKS = YES;
				GCC_WARN_64_TO_32_BIT_CONVERSION = YES;
				GCC_WARN_ABOUT_RETURN_TYPE = YES_ERROR;
				GCC_WARN_UNDECLARED_SELECTOR = YES;
				GCC_WARN_UNINITIALIZED_AUTOS = YES_AGGRESSIVE;
				GCC_WARN_UNUSED_FUNCTION = YES;
				GCC_WARN_UNUSED_VARIABLE = YES;
				IPHONEOS_DEPLOYMENT_TARGET = 18.2;
				LOCALIZATION_PREFERS_STRING_CATALOGS = YES;
				MTL_ENABLE_DEBUG_INFO = NO;
				MTL_FAST_MATH = YES;
				SDKROOT = iphoneos;
				SWIFT_COMPILATION_MODE = wholemodule;
				VALIDATE_PRODUCT = YES;
			};
			name = Release;
		};
		015CFE1C2D7A0621008AFC4C /* Debug */ = {
			isa = XCBuildConfiguration;
			buildSettings = {
				ASSETCATALOG_COMPILER_APPICON_NAME = AppIcon;
				ASSETCATALOG_COMPILER_GLOBAL_ACCENT_COLOR_NAME = AccentColor;
				CODE_SIGN_STYLE = Automatic;
				CURRENT_PROJECT_VERSION = 1;
				DEVELOPMENT_ASSET_PATHS = "\"MileageTracker/Preview Content\"";
				DEVELOPMENT_TEAM = KC2AU5ZG57;
				ENABLE_PREVIEWS = YES;
				GENERATE_INFOPLIST_FILE = YES;
				INFOPLIST_FILE = "";
				INFOPLIST_KEY_NSLocationUsageDescription = "We need your location to automatically fill in the city record entries";
				INFOPLIST_KEY_NSLocationWhenInUseUsageDescription = "We need your location to automatically fill in the city record entries";
				INFOPLIST_KEY_NSMicrophoneUsageDescription = "We need microphone access to add entries by voice";
				INFOPLIST_KEY_NSSpeechRecognitionUsageDescription = "We need speech recognition to add entries by voice";
				INFOPLIST_KEY_UIApplicationSceneManifest_Generation = YES;
				INFOPLIST_KEY_UIApplicationSupportsIndirectInputEvents = YES;
				INFOPLIST_KEY_UILaunchScreen_Generation = YES;
				INFOPLIST_KEY_UISupportedInterfaceOrientations_iPad = "UIInterfaceOrientationPortrait UIInterfaceOrientationPortraitUpsideDown UIInterfaceOrientationLandscapeLeft UIInterfaceOrientationLandscapeRight";
				INFOPLIST_KEY_UISupportedInterfaceOrientations_iPhone = "UIInterfaceOrientationPortrait UIInterfaceOrientationLandscapeLeft UIInterfaceOrientationLandscapeRight";
				LD_RUNPATH_SEARCH_PATHS = (
					"$(inherited)",
					"@executable_path/Frameworks",
				);
				MARKETING_VERSION = 1.0;
				PRODUCT_BUNDLE_IDENTIFIER = app.qilo.MileageTracker;
				PRODUCT_NAME = "$(TARGET_NAME)";
				SWIFT_EMIT_LOC_STRINGS = YES;
				SWIFT_VERSION = 5.0;
				TARGETED_DEVICE_FAMILY = "1,2";
			};
			name = Debug;
		};
		015CFE1D2D7A0621008AFC4C /* Release */ = {
			isa = XCBuildConfiguration;
			buildSettings = {
				ASSETCATALOG_COMPILER_APPICON_NAME = AppIcon;
				ASSETCATALOG_COMPILER_GLOBAL_ACCENT_COLOR_NAME = AccentColor;
				CODE_SIGN_STYLE = Automatic;
				CURRENT_PROJECT_VERSION = 1;
				DEVELOPMENT_ASSET_PATHS = "\"MileageTracker/Preview Content\"";
				DEVELOPMENT_TEAM = KC2AU5ZG57;
				ENABLE_PREVIEWS = YES;
				GENERATE_INFOPLIST_FILE = YES;
				INFOPLIST_FILE = "";
				INFOPLIST_KEY_NSLocationUsageDescription = "We need your location to automatically fill in the city record entries";
				INFOPLIST_KEY_NSLocationWhenInUseUsageDescription = "We need your location to automatically fill in the city record entries";
				INFOPLIST_KEY_NSMicrophoneUsageDescription = "We need microphone access to add entries by voice";
				INFOPLIST_KEY_NSSpeechRecognitionUsageDescription = "We need speech recognition to add entries by voice";
				INFOPLIST_KEY_UIApplicationSceneManifest_Generation = YES;
				INFOPLIST_KEY_UIApplicationSupportsIndirectInputEvents = YES;
				INFOPLIST_KEY_UILaunchScreen_Generation = YES;
				INFOPLIST_KEY_UISupportedInterfaceOrientations_iPad = "UIInterfaceOrientationPortrait UIInterfaceOrientationPortraitUpsideDown UIInterfaceOrientationLandscapeLeft UIInterfaceOrientationLandscapeRight";
				INFOPLIST_KEY_UISupportedInterfaceOrientations_iPhone = "UIInterfaceOrientationPortrait UIInterfaceOrientationLandscapeLeft UIInterfaceOrientationLandscapeRight";
				LD_RUNPATH_SEARCH_PATHS = (
					"$(inherited)",
					"@executable_path/Frameworks",
				);
				MARKETING_VERSION = 1.0;
				PRODUCT_BUNDLE_IDENTIFIER = app.qilo.MileageTracker;
				PRODUCT_NAME = "$(TARGET_NAME)";
				SWIFT_EMIT_LOC_STRINGS = YES;
				SWIFT_VERSION = 5.0;
				TARGETED_DEVICE_FAMILY = "1,2";
			};
			name = Release;
		};
		015CFE1F2D7A0621008AFC4C /* Debug */ = {
			isa = XCBuildConfiguration;
			buildSettings = {
				BUNDLE_LOADER = "$(TEST_HOST)";
				CODE_SIGN_STYLE = Automatic;
				CURRENT_PROJECT_VERSION = 1;
				DEVELOPMENT_TEAM = KC2AU5ZG57;
				GENERATE_INFOPLIST_FILE = YES;
				IPHONEOS_DEPLOYMENT_TARGET = 18.2;
				MARKETING_VERSION = 1.0;
				PRODUCT_BUNDLE_IDENTIFIER = app.qilo.MileageTrackerTests;
				PRODUCT_NAME = "$(TARGET_NAME)";
				SWIFT_EMIT_LOC_STRINGS = NO;
				SWIFT_VERSION = 5.0;
				TARGETED_DEVICE_FAMILY = "1,2";
				TEST_HOST = "$(BUILT_PRODUCTS_DIR)/MileageTracker.app/$(BUNDLE_EXECUTABLE_FOLDER_PATH)/MileageTracker";
			};
			name = Debug;
		};
		015CFE202D7A0621008AFC4C /* Release */ = {
			isa = XCBuildConfiguration;
			buildSettings = {
				BUNDLE_LOADER = "$(TEST_HOST)";
				CODE_SIGN_STYLE = Automatic;
				CURRENT_PROJECT_VERSION = 1;
				DEVELOPMENT_TEAM = KC2AU5ZG57;
				GENERATE_INFOPLIST_FILE = YES;
				IPHONEOS_DEPLOYMENT_TARGET = 18.2;
				MARKETING_VERSION = 1.0;
				PRODUCT_BUNDLE_IDENTIFIER = app.qilo.MileageTrackerTests;
				PRODUCT_NAME = "$(TARGET_NAME)";
				SWIFT_EMIT_LOC_STRINGS = NO;
				SWIFT_VERSION = 5.0;
				TARGETED_DEVICE_FAMILY = "1,2";
				TEST_HOST = "$(BUILT_PRODUCTS_DIR)/MileageTracker.app/$(BUNDLE_EXECUTABLE_FOLDER_PATH)/MileageTracker";
			};
			name = Release;
		};
		015CFE222D7A0621008AFC4C /* Debug */ = {
			isa = XCBuildConfiguration;
			buildSettings = {
				CODE_SIGN_STYLE = Automatic;
				CURRENT_PROJECT_VERSION = 1;
				DEVELOPMENT_TEAM = KC2AU5ZG57;
				GENERATE_INFOPLIST_FILE = YES;
				MARKETING_VERSION = 1.0;
				PRODUCT_BUNDLE_IDENTIFIER = app.qilo.MileageTrackerUITests;
				PRODUCT_NAME = "$(TARGET_NAME)";
				SWIFT_EMIT_LOC_STRINGS = NO;
				SWIFT_VERSION = 5.0;
				TARGETED_DEVICE_FAMILY = "1,2";
				TEST_TARGET_NAME = MileageTracker;
			};
			name = Debug;
		};
		015CFE232D7A0621008AFC4C /* Release */ = {
			isa = XCBuildConfiguration;
			buildSettings = {
				CODE_SIGN_STYLE = Automatic;
				CURRENT_PROJECT_VERSION = 1;
				DEVELOPMENT_TEAM = KC2AU5ZG57;
				GENERATE_INFOPLIST_FILE = YES;
				MARKETING_VERSION = 1.0;
				PRODUCT_BUNDLE_IDENTIFIER = app.qilo.MileageTrackerUITests;
				PRODUCT_NAME = "$(TARGET_NAME)";
				SWIFT_EMIT_LOC_STRINGS = NO;
				SWIFT_VERSION = 5.0;
				TARGETED_DEVICE_FAMILY = "1,2";
				TEST_TARGET_NAME = MileageTracker;
			};
			name = Release;
		};
/* End XCBuildConfiguration section */

/* Begin XCConfigurationList section */
		015CFDF22D7A061F008AFC4C /* Build configuration list for PBXProject "MileageTracker" */ = {
			isa = XCConfigurationList;
			buildConfigurations = (
				015CFE192D7A0621008AFC4C /* Debug */,
				015CFE1A2D7A0621008AFC4C /* Release */,
			);
			defaultConfigurationIsVisible = 0;
			defaultConfigurationName = Release;
		};
		015CFE1B2D7A0621008AFC4C /* Build configuration list for PBXNativeTarget "MileageTracker" */ = {
			isa = XCConfigurationList;
			buildConfigurations = (
				015CFE1C2D7A0621008AFC4C /* Debug */,
				015CFE1D2D7A0621008AFC4C /* Release */,
			);
			defaultConfigurationIsVisible = 0;
			defaultConfigurationName = Release;
		};
		015CFE1E2D7A0621008AFC4C /* Build configuration list for PBXNativeTarget "MileageTrackerTests" */ = {
			isa = XCConfigurationList;
			buildConfigurations = (
				015CFE1F2D7A0621008AFC4C /* Debug */,
				015CFE202D7A0621008AFC4C /* Release */,
			);
			defaultConfigurationIsVisible = 0;
			defaultConfigurationName = Release;
		};
		015CFE212D7A0621008AFC4C /* Build configuration list for PBXNativeTarget "MileageTrackerUITests" */ = {
			isa = XCConfigurationList;
			buildConfigurations = (
				015CFE222D7A0621008AFC4C /* Debug */,
				015CFE232D7A0621008AFC4C /* Release */,
			);
			defaultConfigurationIsVisible = 0;
			defaultConfigurationName = Release;
		};
/* End XCConfigurationList section */
	};
	rootObject = 015CFDEF2D7A061F008AFC4C /* Project object */;
}
